{
  "name": "basisjs-tools",
  "version": "1.10.2",
  "lockfileVersion": 1,
  "requires": true,
  "dependencies": {
    "accepts": {
      "version": "1.3.3",
      "resolved": "http://sinopia.msk.avito.ru/accepts/-/accepts-1.3.3.tgz",
      "integrity": "sha1-w8p0NJOGSMPg2cHjKN1otiLChMo=",
      "requires": {
        "mime-types": "2.1.16",
        "negotiator": "0.6.1"
      }
    },
    "after": {
      "version": "0.8.1",
      "resolved": "http://sinopia.msk.avito.ru/after/-/after-0.8.1.tgz",
      "integrity": "sha1-q11PuIP1loFtNRX495HAr0ht1ic="
    },
    "amdefine": {
      "version": "1.0.1",
      "resolved": "http://sinopia.msk.avito.ru/amdefine/-/amdefine-1.0.1.tgz",
      "integrity": "sha1-SlKCrBZHKek2Gbz9OtFR+BfOkfU=",
      "optional": true
    },
    "ansi-regex": {
      "version": "2.1.1",
      "resolved": "http://sinopia.msk.avito.ru/ansi-regex/-/ansi-regex-2.1.1.tgz",
      "integrity": "sha1-w7M6te42DYbg5ijwRorn7yfWVN8="
    },
    "ansi-styles": {
      "version": "2.2.1",
      "resolved": "http://sinopia.msk.avito.ru/ansi-styles/-/ansi-styles-2.2.1.tgz",
      "integrity": "sha1-tDLdM1i2NM914eRmQ2gkBTPB3b4="
    },
    "arraybuffer.slice": {
      "version": "0.0.6",
      "resolved": "http://sinopia.msk.avito.ru/arraybuffer.slice/-/arraybuffer.slice-0.0.6.tgz",
      "integrity": "sha1-8zshWfBTKj8xB6JywMz70a0peco="
    },
    "async": {
      "version": "0.2.10",
      "resolved": "http://sinopia.msk.avito.ru/async/-/async-0.2.10.tgz",
      "integrity": "sha1-trvgsGdLnXGXCMo43owjfLUmw9E="
    },
    "backo2": {
      "version": "1.0.2",
      "resolved": "http://sinopia.msk.avito.ru/backo2/-/backo2-1.0.2.tgz",
      "integrity": "sha1-MasayLEpNjRj41s+u2n038+6eUc="
    },
    "balanced-match": {
      "version": "1.0.0",
      "resolved": "http://sinopia.msk.avito.ru/balanced-match/-/balanced-match-1.0.0.tgz",
      "integrity": "sha1-ibTRmasr7kneFk6gK4nORi1xt2c="
    },
    "base64-arraybuffer": {
      "version": "0.1.5",
      "resolved": "http://sinopia.msk.avito.ru/base64-arraybuffer/-/base64-arraybuffer-0.1.5.tgz",
      "integrity": "sha1-c5JncZI7Whl0etZmqlzUv5xunOg="
    },
    "base64id": {
      "version": "0.1.0",
      "resolved": "http://sinopia.msk.avito.ru/base64id/-/base64id-0.1.0.tgz",
      "integrity": "sha1-As4P3u4M709ACA4ec+g08LG/zj8="
    },
    "basisjs-tools-ast": {
      "version": "github:basisjs/basisjs-tools-ast#91e527b3be75780645fe5b63720f638caeb51d2e",
      "requires": {
        "css-tree": "1.0.0-alpha19",
        "csso": "3.1.1",
        "escodegen": "1.8.1",
        "esprima": "3.1.3",
        "estraverse": "4.2.0",
        "htmlparser2": "3.9.2"
      }
    },
    "basisjs-tools-build": {
      "version": "github:basisjs/basisjs-tools-build#c9452ebd947a962f0bf300df48c8a5d8f7c2dd62",
      "requires": {
        "basisjs-tools-ast": "github:basisjs/basisjs-tools-ast#91e527b3be75780645fe5b63720f638caeb51d2e",
        "basisjs-tools-config": "1.1.0",
        "chalk": "1.1.3",
        "clap": "1.2.0",
        "es6-promise-polyfill": "1.2.0",
        "fixed-width-string": "1.0.0",
        "mime": "1.3.6",
        "minimatch": "3.0.4",
        "resolve": "1.4.0",
        "seedrandom": "2.4.3",
        "uglify-js": "1.3.5"
      },
      "dependencies": {
        "basisjs-tools-ast": {
          "version": "github:basisjs/basisjs-tools-ast#91e527b3be75780645fe5b63720f638caeb51d2e",
          "requires": {
            "css-tree": "1.0.0-alpha19",
            "csso": "3.1.1",
            "escodegen": "1.8.1",
            "esprima": "3.1.3",
            "estraverse": "4.2.0",
            "htmlparser2": "3.9.2"
          }
        },
        "clap": {
          "version": "1.2.0",
          "resolved": "http://sinopia.msk.avito.ru/clap/-/clap-1.2.0.tgz",
          "integrity": "sha1-WckP4+E3EEdG/xlGmiemNP9oyFc=",
          "requires": {
            "chalk": "1.1.3"
          }
        }
      }
    },
    "basisjs-tools-config": {
      "version": "1.1.0",
      "resolved": "http://sinopia.msk.avito.ru/basisjs-tools-config/-/basisjs-tools-config-1.1.0.tgz",
      "integrity": "sha1-GPcvbIGC7nBwRX0qVNKlwchgg/c=",
      "requires": {
        "osenv": "0.1.3"
      }
    },
    "basisjs-tools-server": {
      "version": "github:basisjs/basisjs-tools-server#5bb6e7f71314bd590def55078dd203dbc8b20eba",
      "requires": {
        "basisjs-tools-ast": "github:basisjs/basisjs-tools-ast#91e527b3be75780645fe5b63720f638caeb51d2e",
        "basisjs-tools-build": "github:basisjs/basisjs-tools-build#c9452ebd947a962f0bf300df48c8a5d8f7c2dd62",
        "basisjs-tools-config": "1.1.0",
        "chalk": "1.1.3",
        "clap": "1.1.3",
        "exit": "0.1.2",
        "http-proxy": "0.10.4",
        "mime": "1.3.4",
        "minimatch": "3.0.4",
        "open-in-editor": "1.2.1",
        "resolve": "1.1.7",
        "socket.io": "1.5.1",
        "socket.io-client": "1.5.1",
        "update-notifier": "0.6.3"
      },
      "dependencies": {
        "mime": {
          "version": "1.3.4",
          "resolved": "http://sinopia.msk.avito.ru/mime/-/mime-1.3.4.tgz",
          "integrity": "sha1-EV+eO2s9rylZmDyzjxSaLUDrXVM="
        },
        "resolve": {
          "version": "1.1.7",
          "resolved": "http://sinopia.msk.avito.ru/resolve/-/resolve-1.1.7.tgz",
          "integrity": "sha1-IDEU2CrSxe2ejgQRs5ModeiJ6Xs="
        }
      }
    },
    "benchmark": {
      "version": "1.0.0",
      "resolved": "http://sinopia.msk.avito.ru/benchmark/-/benchmark-1.0.0.tgz",
      "integrity": "sha1-Lx4vpMNZ8REiqhgwgiGOlX45DHM="
    },
    "better-assert": {
      "version": "1.0.2",
      "resolved": "http://sinopia.msk.avito.ru/better-assert/-/better-assert-1.0.2.tgz",
      "integrity": "sha1-QIZrnhueC1W0gYlDEeaPr/rrxSI=",
      "requires": {
        "callsite": "1.0.0"
      }
    },
    "blob": {
      "version": "0.0.4",
      "resolved": "http://sinopia.msk.avito.ru/blob/-/blob-0.0.4.tgz",
      "integrity": "sha1-vPEwUspURj8w+fx+lbmkdjCpSSE="
    },
    "boxen": {
      "version": "0.3.1",
      "resolved": "http://sinopia.msk.avito.ru/boxen/-/boxen-0.3.1.tgz",
      "integrity": "sha1-p9iYJDrmIvertrtgTXQKdsalRhs=",
      "requires": {
        "chalk": "1.1.3",
        "filled-array": "1.1.0",
        "object-assign": "4.1.1",
        "repeating": "2.0.1",
        "string-width": "1.0.2",
        "widest-line": "1.0.0"
      }
    },
    "brace-expansion": {
      "version": "1.1.8",
      "resolved": "http://sinopia.msk.avito.ru/brace-expansion/-/brace-expansion-1.1.8.tgz",
      "integrity": "sha1-wHshHHyVLsH479Uad+8NHTmQopI=",
      "requires": {
        "balanced-match": "1.0.0",
        "concat-map": "0.0.1"
      }
    },
    "callsite": {
      "version": "1.0.0",
      "resolved": "http://sinopia.msk.avito.ru/callsite/-/callsite-1.0.0.tgz",
      "integrity": "sha1-KAOY5dZkvXQDi28JBRU+borxvCA="
    },
    "capture-stack-trace": {
      "version": "1.0.0",
      "resolved": "http://sinopia.msk.avito.ru/capture-stack-trace/-/capture-stack-trace-1.0.0.tgz",
      "integrity": "sha1-Sm+gc5nCa7pH8LJJa00PtAjFVQ0="
    },
    "chalk": {
      "version": "1.1.3",
      "resolved": "http://sinopia.msk.avito.ru/chalk/-/chalk-1.1.3.tgz",
      "integrity": "sha1-qBFcVeSnAv5NFQq9OHKCKn4J/Jg=",
      "requires": {
        "ansi-styles": "2.2.1",
        "escape-string-regexp": "1.0.5",
        "has-ansi": "2.0.0",
        "strip-ansi": "3.0.1",
        "supports-color": "2.0.0"
      }
    },
    "clap": {
      "version": "1.1.3",
      "resolved": "http://sinopia.msk.avito.ru/clap/-/clap-1.1.3.tgz",
      "integrity": "sha1-s7026T3Uy/s5WjwmiWNSRFJlwFs=",
      "requires": {
        "chalk": "1.1.3"
      }
    },
    "code-point-at": {
      "version": "1.1.0",
      "resolved": "http://sinopia.msk.avito.ru/code-point-at/-/code-point-at-1.1.0.tgz",
      "integrity": "sha1-DQcLTQQ6W+ozovGkDi7bPZpMz3c="
    },
    "colors": {
      "version": "0.6.2",
      "resolved": "http://sinopia.msk.avito.ru/colors/-/colors-0.6.2.tgz",
      "integrity": "sha1-JCP+ZnisDF2uiFLl0OW+CMmXq8w="
    },
    "component-bind": {
      "version": "1.0.0",
      "resolved": "http://sinopia.msk.avito.ru/component-bind/-/component-bind-1.0.0.tgz",
      "integrity": "sha1-AMYIq33Nk4l8AAllGx06jh5zu9E="
    },
    "component-emitter": {
      "version": "1.1.2",
      "resolved": "http://sinopia.msk.avito.ru/component-emitter/-/component-emitter-1.1.2.tgz",
      "integrity": "sha1-KWWU8nU9qmOZbSrwjRWpURbJrsM="
    },
    "component-inherit": {
      "version": "0.0.3",
      "resolved": "http://sinopia.msk.avito.ru/component-inherit/-/component-inherit-0.0.3.tgz",
      "integrity": "sha1-ZF/ErfWLcrZJ1crmUTVhnbJv8UM="
    },
    "concat-map": {
      "version": "0.0.1",
      "resolved": "http://sinopia.msk.avito.ru/concat-map/-/concat-map-0.0.1.tgz",
      "integrity": "sha1-2Klr13/Wjfd5OnMDajug1UBdR3s="
    },
    "configstore": {
      "version": "2.1.0",
      "resolved": "http://sinopia.msk.avito.ru/configstore/-/configstore-2.1.0.tgz",
      "integrity": "sha1-c3o6cDbpiGECqmCZ5HuzOrGroaE=",
      "requires": {
        "dot-prop": "3.0.0",
        "graceful-fs": "4.1.11",
        "mkdirp": "0.5.1",
        "object-assign": "4.1.1",
        "os-tmpdir": "1.0.2",
        "osenv": "0.1.3",
        "uuid": "2.0.3",
        "write-file-atomic": "1.3.4",
        "xdg-basedir": "2.0.0"
      }
    },
    "core-util-is": {
      "version": "1.0.2",
      "resolved": "http://sinopia.msk.avito.ru/core-util-is/-/core-util-is-1.0.2.tgz",
      "integrity": "sha1-tf1UIgqivFq1eqtxQMlAdUUDwac="
    },
    "create-error-class": {
      "version": "3.0.2",
      "resolved": "http://sinopia.msk.avito.ru/create-error-class/-/create-error-class-3.0.2.tgz",
      "integrity": "sha1-Br56vvlHo/FKMP1hBnHUAbyot7Y=",
      "requires": {
        "capture-stack-trace": "1.0.0"
      }
    },
    "css-tree": {
      "version": "1.0.0-alpha19",
      "resolved": "http://sinopia.msk.avito.ru/css-tree/-/css-tree-1.0.0-alpha19.tgz",
      "integrity": "sha1-lJqoRsLBWzl5eS6PzgX2tuPrytQ=",
      "requires": {
        "source-map": "0.5.6"
      }
    },
    "csso": {
      "version": "3.1.1",
      "resolved": "http://sinopia.msk.avito.ru/csso/-/csso-3.1.1.tgz",
      "integrity": "sha1-q0J1hEhsLgLhgDJ1EbCwKpF5wnI=",
      "requires": {
        "css-tree": "1.0.0-alpha19"
      }
    },
    "debug": {
      "version": "2.2.0",
      "resolved": "http://sinopia.msk.avito.ru/debug/-/debug-2.2.0.tgz",
      "integrity": "sha1-+HBX6ZWxofauaklgZkE3vFbwOdo=",
      "requires": {
        "ms": "0.7.1"
      }
    },
    "deep-equal": {
      "version": "1.0.1",
      "resolved": "http://sinopia.msk.avito.ru/deep-equal/-/deep-equal-1.0.1.tgz",
      "integrity": "sha1-9dJgKStmDghO/0zbyfCK0yR0SLU="
    },
    "deep-extend": {
      "version": "0.4.2",
      "resolved": "http://sinopia.msk.avito.ru/deep-extend/-/deep-extend-0.4.2.tgz",
      "integrity": "sha1-SLaZwn4zS/ifEIkr5DL25MfTSn8="
    },
    "deep-is": {
      "version": "0.1.3",
      "resolved": "http://sinopia.msk.avito.ru/deep-is/-/deep-is-0.1.3.tgz",
      "integrity": "sha1-s2nW+128E+7PUk+RsHD+7cNXzzQ="
    },
    "dom-serializer": {
      "version": "0.1.0",
      "resolved": "http://sinopia.msk.avito.ru/dom-serializer/-/dom-serializer-0.1.0.tgz",
      "integrity": "sha1-BzxpdUbOB4DOI75KKOKT5AvDDII=",
      "requires": {
        "domelementtype": "1.1.3",
        "entities": "1.1.1"
      },
      "dependencies": {
        "domelementtype": {
          "version": "1.1.3",
          "resolved": "http://sinopia.msk.avito.ru/domelementtype/-/domelementtype-1.1.3.tgz",
          "integrity": "sha1-vSh3PiZCiBrsUVRJJCmcXNgiGFs="
        }
      }
    },
    "domelementtype": {
      "version": "1.3.0",
      "resolved": "http://sinopia.msk.avito.ru/domelementtype/-/domelementtype-1.3.0.tgz",
      "integrity": "sha1-sXrtguirWeUt2cGbF1bg/BhyBMI="
    },
    "domhandler": {
      "version": "2.4.1",
      "resolved": "http://sinopia.msk.avito.ru/domhandler/-/domhandler-2.4.1.tgz",
      "integrity": "sha1-iS5HAAqZvlW783dP/qBWHYh5wlk=",
      "requires": {
        "domelementtype": "1.3.0"
      }
    },
    "domutils": {
      "version": "1.6.2",
      "resolved": "http://sinopia.msk.avito.ru/domutils/-/domutils-1.6.2.tgz",
      "integrity": "sha1-GVjMC0yUJuntNn+xyOhUiRsPo/8=",
      "requires": {
        "dom-serializer": "0.1.0",
        "domelementtype": "1.3.0"
      }
    },
    "dot-prop": {
      "version": "3.0.0",
      "resolved": "http://sinopia.msk.avito.ru/dot-prop/-/dot-prop-3.0.0.tgz",
      "integrity": "sha1-G3CK8JSknJoOfbyteQq6U52sEXc=",
      "requires": {
        "is-obj": "1.0.1"
      }
    },
    "duplexer2": {
      "version": "0.1.4",
      "resolved": "http://sinopia.msk.avito.ru/duplexer2/-/duplexer2-0.1.4.tgz",
      "integrity": "sha1-ixLauHjA1p4+eJEFFmKjL8a93ME=",
      "requires": {
        "readable-stream": "2.3.3"
      }
    },
    "engine.io": {
      "version": "1.7.2",
      "resolved": "http://sinopia.msk.avito.ru/engine.io/-/engine.io-1.7.2.tgz",
      "integrity": "sha1-h3wU+gSG+LZk1GqBAb90/u8uTkY=",
      "requires": {
        "accepts": "1.3.3",
        "base64id": "0.1.0",
        "debug": "2.2.0",
        "engine.io-parser": "1.3.1",
        "ws": "1.1.1"
      }
    },
    "engine.io-client": {
      "version": "1.7.2",
      "resolved": "http://sinopia.msk.avito.ru/engine.io-client/-/engine.io-client-1.7.2.tgz",
      "integrity": "sha1-EvAdPZ1naQioYznO4Gf/eZpYXD0=",
      "requires": {
        "component-emitter": "1.1.2",
        "component-inherit": "0.0.3",
        "debug": "2.2.0",
        "engine.io-parser": "1.3.1",
        "has-cors": "1.1.0",
        "indexof": "0.0.1",
        "parsejson": "0.0.1",
        "parseqs": "0.0.2",
        "parseuri": "0.0.4",
        "ws": "1.1.1",
        "xmlhttprequest-ssl": "1.5.1",
        "yeast": "0.1.2"
      }
    },
    "engine.io-parser": {
      "version": "1.3.1",
      "resolved": "http://sinopia.msk.avito.ru/engine.io-parser/-/engine.io-parser-1.3.1.tgz",
      "integrity": "sha1-lVTxrjMQfW+9FwylRm0vgz9qB88=",
      "requires": {
        "after": "0.8.1",
        "arraybuffer.slice": "0.0.6",
        "base64-arraybuffer": "0.1.5",
        "blob": "0.0.4",
        "has-binary": "0.1.6",
        "wtf-8": "1.0.0"
      },
      "dependencies": {
        "has-binary": {
          "version": "0.1.6",
          "resolved": "http://sinopia.msk.avito.ru/has-binary/-/has-binary-0.1.6.tgz",
          "integrity": "sha1-JTJvOc+k9hath4eJTjryz7x7bhA=",
          "requires": {
            "isarray": "0.0.1"
          }
        },
        "isarray": {
          "version": "0.0.1",
          "resolved": "http://sinopia.msk.avito.ru/isarray/-/isarray-0.0.1.tgz",
          "integrity": "sha1-ihis/Kmo9Bd+Cav8YDiTmwXR7t8="
        }
      }
    },
    "entities": {
      "version": "1.1.1",
      "resolved": "http://sinopia.msk.avito.ru/entities/-/entities-1.1.1.tgz",
      "integrity": "sha1-blwtClYhtdra7O+AuQ7ftc13cvA="
    },
    "error-ex": {
      "version": "1.3.1",
      "resolved": "http://sinopia.msk.avito.ru/error-ex/-/error-ex-1.3.1.tgz",
      "integrity": "sha1-+FWobOYa3E6GIcPNoh56dhLDqNw=",
      "requires": {
        "is-arrayish": "0.2.1"
      }
    },
    "es6-promise-polyfill": {
      "version": "1.2.0",
      "resolved": "http://sinopia.msk.avito.ru/es6-promise-polyfill/-/es6-promise-polyfill-1.2.0.tgz",
      "integrity": "sha1-84kl8jyz4+jObNqP93T867sJDN4="
    },
    "escape-string-regexp": {
      "version": "1.0.5",
      "resolved": "http://sinopia.msk.avito.ru/escape-string-regexp/-/escape-string-regexp-1.0.5.tgz",
      "integrity": "sha1-G2HAViGQqN/2rjuyzwIAyhMLhtQ="
    },
    "escodegen": {
      "version": "1.8.1",
      "resolved": "http://sinopia.msk.avito.ru/escodegen/-/escodegen-1.8.1.tgz",
      "integrity": "sha1-WltTr0aTEQvrsIZ6o0MN07cKEBg=",
      "requires": {
        "esprima": "2.7.3",
        "estraverse": "1.9.3",
        "esutils": "2.0.2",
        "optionator": "0.8.2",
        "source-map": "0.2.0"
      },
      "dependencies": {
        "esprima": {
          "version": "2.7.3",
          "resolved": "http://sinopia.msk.avito.ru/esprima/-/esprima-2.7.3.tgz",
          "integrity": "sha1-luO3DVd59q1JzQMmc9HDEnZ7pYE="
        },
        "estraverse": {
          "version": "1.9.3",
          "resolved": "http://sinopia.msk.avito.ru/estraverse/-/estraverse-1.9.3.tgz",
          "integrity": "sha1-r2fy3JIlgkFZUJJgkaQAXSnJu0Q="
        },
        "source-map": {
          "version": "0.2.0",
          "resolved": "http://sinopia.msk.avito.ru/source-map/-/source-map-0.2.0.tgz",
          "integrity": "sha1-2rc/vPwrqBm03gO9b26qSBZLP50=",
          "optional": true,
          "requires": {
            "amdefine": "1.0.1"
          }
        }
      }
    },
    "esprima": {
      "version": "3.1.3",
      "resolved": "http://sinopia.msk.avito.ru/esprima/-/esprima-3.1.3.tgz",
      "integrity": "sha1-/cpRzuYTOJXjyI1TXOSdv/YqRjM="
    },
    "estraverse": {
      "version": "4.2.0",
      "resolved": "http://sinopia.msk.avito.ru/estraverse/-/estraverse-4.2.0.tgz",
      "integrity": "sha1-De4/7TH81GlhjOc0IJn8GvoL2xM="
    },
    "esutils": {
      "version": "2.0.2",
      "resolved": "http://sinopia.msk.avito.ru/esutils/-/esutils-2.0.2.tgz",
      "integrity": "sha1-Cr9PHKpbyx96nYrMbepPqqBLrJs="
    },
    "exit": {
      "version": "0.1.2",
      "resolved": "http://sinopia.msk.avito.ru/exit/-/exit-0.1.2.tgz",
      "integrity": "sha1-BjJjj42HfMghB9MKD/8aF8uhzQw="
    },
    "fast-levenshtein": {
      "version": "2.0.6",
      "resolved": "http://sinopia.msk.avito.ru/fast-levenshtein/-/fast-levenshtein-2.0.6.tgz",
      "integrity": "sha1-PYpcZog6FqMMqGQ+hR8Zuqd5eRc="
    },
    "filled-array": {
      "version": "1.1.0",
      "resolved": "http://sinopia.msk.avito.ru/filled-array/-/filled-array-1.1.0.tgz",
      "integrity": "sha1-w8T2xmO5I0WamqKZEtLQMfFQf4Q="
    },
    "fixed-width-string": {
      "version": "1.0.0",
      "resolved": "http://sinopia.msk.avito.ru/fixed-width-string/-/fixed-width-string-1.0.0.tgz",
      "integrity": "sha1-k729A+aRXNJl45aht/PMawiAMk0="
    },
    "fs.realpath": {
      "version": "1.0.0",
      "resolved": "http://sinopia.msk.avito.ru/fs.realpath/-/fs.realpath-1.0.0.tgz",
      "integrity": "sha1-FQStJSMVjKpA20onh8sBQRmU6k8="
    },
    "glob": {
      "version": "7.1.2",
      "resolved": "http://sinopia.msk.avito.ru/glob/-/glob-7.1.2.tgz",
      "integrity": "sha512-MJTUg1kjuLeQCJ+ccE4Vpa6kKVXkPYJ2mOCQyUuKLcLQsdrMCpBPUi8qVE6+YuaJkozeA9NusTAw3hLr8Xe5EQ==",
      "requires": {
        "fs.realpath": "1.0.0",
        "inflight": "1.0.6",
        "inherits": "2.0.3",
        "minimatch": "3.0.4",
        "once": "1.4.0",
        "path-is-absolute": "1.0.1"
      }
    },
    "got": {
      "version": "5.7.1",
      "resolved": "http://sinopia.msk.avito.ru/got/-/got-5.7.1.tgz",
      "integrity": "sha1-X4FjWmHkplifGAVp6k44FoClHzU=",
      "requires": {
        "create-error-class": "3.0.2",
        "duplexer2": "0.1.4",
        "is-redirect": "1.0.0",
        "is-retry-allowed": "1.1.0",
        "is-stream": "1.1.0",
        "lowercase-keys": "1.0.0",
        "node-status-codes": "1.0.0",
        "object-assign": "4.1.1",
        "parse-json": "2.2.0",
        "pinkie-promise": "2.0.1",
        "read-all-stream": "3.1.0",
        "readable-stream": "2.3.3",
        "timed-out": "3.1.3",
        "unzip-response": "1.0.2",
        "url-parse-lax": "1.0.0"
      }
    },
    "graceful-fs": {
      "version": "4.1.11",
      "resolved": "http://sinopia.msk.avito.ru/graceful-fs/-/graceful-fs-4.1.11.tgz",
      "integrity": "sha1-Dovf5NHduIVNZOBOp8AOKgJuVlg="
    },
    "has-ansi": {
      "version": "2.0.0",
      "resolved": "http://sinopia.msk.avito.ru/has-ansi/-/has-ansi-2.0.0.tgz",
      "integrity": "sha1-NPUEnOHs3ysGSa8+8k5F7TVBbZE=",
      "requires": {
        "ansi-regex": "2.1.1"
      }
    },
    "has-binary": {
      "version": "0.1.7",
      "resolved": "http://sinopia.msk.avito.ru/has-binary/-/has-binary-0.1.7.tgz",
      "integrity": "sha1-aOYesWIQyVRaClzOBqhzkS/h5ow=",
      "requires": {
        "isarray": "0.0.1"
      },
      "dependencies": {
        "isarray": {
          "version": "0.0.1",
          "resolved": "http://sinopia.msk.avito.ru/isarray/-/isarray-0.0.1.tgz",
          "integrity": "sha1-ihis/Kmo9Bd+Cav8YDiTmwXR7t8="
        }
      }
    },
    "has-cors": {
      "version": "1.1.0",
      "resolved": "http://sinopia.msk.avito.ru/has-cors/-/has-cors-1.1.0.tgz",
      "integrity": "sha1-XkdHk/fqmEPRu5nCPu9J/xJv/zk="
    },
    "htmlparser2": {
      "version": "3.9.2",
      "resolved": "http://sinopia.msk.avito.ru/htmlparser2/-/htmlparser2-3.9.2.tgz",
      "integrity": "sha1-G9+HrMoPP55T+k/M6w9LTLsAszg=",
      "requires": {
        "domelementtype": "1.3.0",
        "domhandler": "2.4.1",
        "domutils": "1.6.2",
        "entities": "1.1.1",
        "inherits": "2.0.3",
        "readable-stream": "2.3.3"
      }
    },
    "http-proxy": {
      "version": "0.10.4",
      "resolved": "http://sinopia.msk.avito.ru/http-proxy/-/http-proxy-0.10.4.tgz",
      "integrity": "sha1-FLoM6qIZf4n6MN6p57CeGc2Twi8=",
      "requires": {
        "colors": "0.6.2",
        "optimist": "0.6.1",
        "pkginfo": "0.3.1",
        "utile": "0.2.1"
      }
    },
    "i": {
      "version": "0.3.5",
      "resolved": "http://sinopia.msk.avito.ru/i/-/i-0.3.5.tgz",
      "integrity": "sha1-HSuFQVjsgWkRPGy39raAHpniEdU="
    },
    "imurmurhash": {
      "version": "0.1.4",
      "resolved": "http://sinopia.msk.avito.ru/imurmurhash/-/imurmurhash-0.1.4.tgz",
      "integrity": "sha1-khi5srkoojixPcT7a21XbyMUU+o="
    },
    "indexof": {
      "version": "0.0.1",
      "resolved": "http://sinopia.msk.avito.ru/indexof/-/indexof-0.0.1.tgz",
      "integrity": "sha1-gtwzbSMrkGIXnQWrMpOmYFn9Q10="
    },
    "inflight": {
      "version": "1.0.6",
      "resolved": "http://sinopia.msk.avito.ru/inflight/-/inflight-1.0.6.tgz",
      "integrity": "sha1-Sb1jMdfQLQwJvJEKEHW6gWW1bfk=",
      "requires": {
        "once": "1.4.0",
        "wrappy": "1.0.2"
      }
    },
    "inherits": {
      "version": "2.0.3",
      "resolved": "http://sinopia.msk.avito.ru/inherits/-/inherits-2.0.3.tgz",
      "integrity": "sha1-Yzwsg+PaQqUC9SRmAiSA9CCCYd4="
    },
    "ini": {
      "version": "1.3.4",
      "resolved": "http://sinopia.msk.avito.ru/ini/-/ini-1.3.4.tgz",
      "integrity": "sha1-BTfLedr1m1mhpRff9wbIbsA5Fi4="
    },
    "is-arrayish": {
      "version": "0.2.1",
      "resolved": "http://sinopia.msk.avito.ru/is-arrayish/-/is-arrayish-0.2.1.tgz",
      "integrity": "sha1-d8mYQFJ6qOyxqLppe4BkWnqSap0="
    },
    "is-finite": {
      "version": "1.0.2",
      "resolved": "http://sinopia.msk.avito.ru/is-finite/-/is-finite-1.0.2.tgz",
      "integrity": "sha1-zGZ3aVYCvlUO8R6LSqYwU0K20Ko=",
      "requires": {
        "number-is-nan": "1.0.1"
      }
    },
    "is-fullwidth-code-point": {
      "version": "1.0.0",
      "resolved": "http://sinopia.msk.avito.ru/is-fullwidth-code-point/-/is-fullwidth-code-point-1.0.0.tgz",
      "integrity": "sha1-754xOG8DGn8NZDr4L95QxFfvAMs=",
      "requires": {
        "number-is-nan": "1.0.1"
      }
    },
    "is-npm": {
      "version": "1.0.0",
      "resolved": "http://sinopia.msk.avito.ru/is-npm/-/is-npm-1.0.0.tgz",
      "integrity": "sha1-8vtjpl5JBbQGyGBydloaTceTufQ="
    },
    "is-obj": {
      "version": "1.0.1",
      "resolved": "http://sinopia.msk.avito.ru/is-obj/-/is-obj-1.0.1.tgz",
      "integrity": "sha1-PkcprB9f3gJc19g6iW2rn09n2w8="
    },
    "is-redirect": {
      "version": "1.0.0",
      "resolved": "http://sinopia.msk.avito.ru/is-redirect/-/is-redirect-1.0.0.tgz",
      "integrity": "sha1-HQPd7VO9jbDzDCbk+V02/HyH3CQ="
    },
    "is-retry-allowed": {
      "version": "1.1.0",
      "resolved": "http://sinopia.msk.avito.ru/is-retry-allowed/-/is-retry-allowed-1.1.0.tgz",
      "integrity": "sha1-EaBgVotnM5REAz0BJaYaINVk+zQ="
    },
    "is-stream": {
      "version": "1.1.0",
      "resolved": "http://sinopia.msk.avito.ru/is-stream/-/is-stream-1.1.0.tgz",
      "integrity": "sha1-EtSj3U5o4Lec6428hBc66A2RykQ="
    },
    "isarray": {
      "version": "1.0.0",
      "resolved": "http://sinopia.msk.avito.ru/isarray/-/isarray-1.0.0.tgz",
      "integrity": "sha1-u5NdSFgsuhaMBoNJV6VKPgcSTxE="
    },
    "json3": {
      "version": "3.2.6",
      "resolved": "http://sinopia.msk.avito.ru/json3/-/json3-3.2.6.tgz",
      "integrity": "sha1-9u/JPAagTemuxTBT3yVZuxniA4s="
    },
    "latest-version": {
      "version": "2.0.0",
      "resolved": "http://sinopia.msk.avito.ru/latest-version/-/latest-version-2.0.0.tgz",
      "integrity": "sha1-VvjWE5YghHuAF/jx9NeOIRMkFos=",
      "requires": {
        "package-json": "2.4.0"
      }
    },
    "levn": {
      "version": "0.3.0",
      "resolved": "http://sinopia.msk.avito.ru/levn/-/levn-0.3.0.tgz",
      "integrity": "sha1-OwmSTt+fCDwEkP3UwLxEIeBHZO4=",
      "requires": {
        "prelude-ls": "1.1.2",
        "type-check": "0.3.2"
      }
    },
    "lowercase-keys": {
      "version": "1.0.0",
      "resolved": "http://sinopia.msk.avito.ru/lowercase-keys/-/lowercase-keys-1.0.0.tgz",
      "integrity": "sha1-TjNms55/VFfjXxMkvfb4jQv8cwY="
    },
    "mime": {
      "version": "1.3.6",
      "resolved": "http://sinopia.msk.avito.ru/mime/-/mime-1.3.6.tgz",
      "integrity": "sha1-WR2E02U6awtKO5343lqoEI5y5eA="
    },
    "mime-db": {
      "version": "1.29.0",
      "resolved": "http://sinopia.msk.avito.ru/mime-db/-/mime-db-1.29.0.tgz",
      "integrity": "sha1-SNJtI1WJZRcErFkWygYAGRQmaHg="
    },
    "mime-types": {
      "version": "2.1.16",
      "resolved": "http://sinopia.msk.avito.ru/mime-types/-/mime-types-2.1.16.tgz",
      "integrity": "sha1-K4WKUuXs1RbbiXrCvodIeDBpjiM=",
      "requires": {
        "mime-db": "1.29.0"
      }
    },
    "minimatch": {
      "version": "3.0.4",
      "resolved": "http://sinopia.msk.avito.ru/minimatch/-/minimatch-3.0.4.tgz",
      "integrity": "sha512-yJHVQEhyqPLUTgt9B83PXu6W3rx4MvvHvSUvToogpwoGDOUQ+yDrR0HRot+yOCdCO7u4hX3pWft6kWBBcqh0UA==",
      "requires": {
        "brace-expansion": "1.1.8"
      }
    },
    "minimist": {
      "version": "0.0.10",
      "resolved": "http://sinopia.msk.avito.ru/minimist/-/minimist-0.0.10.tgz",
      "integrity": "sha1-3j+YVD2/lggr5IrRoMfNqDYwHc8="
    },
    "mkdirp": {
      "version": "0.5.1",
      "resolved": "http://sinopia.msk.avito.ru/mkdirp/-/mkdirp-0.5.1.tgz",
      "integrity": "sha1-MAV0OOrGz3+MR2fzhkjWaX11yQM=",
      "requires": {
        "minimist": "0.0.8"
      },
      "dependencies": {
        "minimist": {
          "version": "0.0.8",
          "resolved": "http://sinopia.msk.avito.ru/minimist/-/minimist-0.0.8.tgz",
          "integrity": "sha1-hX/Kv8M5fSYluCKCYuhqp6ARsF0="
        }
      }
    },
    "ms": {
      "version": "0.7.1",
      "resolved": "http://sinopia.msk.avito.ru/ms/-/ms-0.7.1.tgz",
      "integrity": "sha1-nNE8A62/8ltl7/3nzoZO6VIBcJg="
    },
    "ncp": {
      "version": "0.4.2",
      "resolved": "http://sinopia.msk.avito.ru/ncp/-/ncp-0.4.2.tgz",
      "integrity": "sha1-q8xsvT7C7Spyn/bnwfqPAXhKhXQ="
    },
    "negotiator": {
      "version": "0.6.1",
      "resolved": "http://sinopia.msk.avito.ru/negotiator/-/negotiator-0.6.1.tgz",
      "integrity": "sha1-KzJxhOiZIQEXeyhWP7XnECrNDKk="
    },
    "node-status-codes": {
      "version": "1.0.0",
      "resolved": "http://sinopia.msk.avito.ru/node-status-codes/-/node-status-codes-1.0.0.tgz",
      "integrity": "sha1-WuVUHQJGRdMqWPzdyc7s6nrjrC8="
    },
    "number-is-nan": {
      "version": "1.0.1",
      "resolved": "http://sinopia.msk.avito.ru/number-is-nan/-/number-is-nan-1.0.1.tgz",
      "integrity": "sha1-CXtgK1NCKlIsGvuHkDGDNpQaAR0="
    },
    "object-assign": {
      "version": "4.1.1",
      "resolved": "http://sinopia.msk.avito.ru/object-assign/-/object-assign-4.1.1.tgz",
      "integrity": "sha1-IQmtx5ZYh8/AXLvUQsrIv7s2CGM="
    },
    "object-component": {
      "version": "0.0.3",
      "resolved": "http://sinopia.msk.avito.ru/object-component/-/object-component-0.0.3.tgz",
      "integrity": "sha1-8MaapQ78lbhmwYb0AKM3acsvEpE="
    },
    "once": {
      "version": "1.4.0",
      "resolved": "http://sinopia.msk.avito.ru/once/-/once-1.4.0.tgz",
      "integrity": "sha1-WDsap3WWHUsROsF9nFC6753Xa9E=",
      "requires": {
        "wrappy": "1.0.2"
      }
    },
    "open-in-editor": {
      "version": "1.2.1",
      "resolved": "http://sinopia.msk.avito.ru/open-in-editor/-/open-in-editor-1.2.1.tgz",
      "integrity": "sha1-MeQY/TflCfiLgFGUYpOU37KsMLI=",
      "requires": {
        "clap": "1.1.3",
        "es6-promise-polyfill": "1.2.0",
        "os-homedir": "1.0.1"
      },
      "dependencies": {
        "os-homedir": {
          "version": "1.0.1",
          "resolved": "http://sinopia.msk.avito.ru/os-homedir/-/os-homedir-1.0.1.tgz",
          "integrity": "sha1-DWK99EuRb9O73PLKsZGUj7CU8Ac="
        }
      }
    },
    "optimist": {
      "version": "0.6.1",
      "resolved": "http://sinopia.msk.avito.ru/optimist/-/optimist-0.6.1.tgz",
      "integrity": "sha1-2j6nRob6IaGaERwybpDrFaAZZoY=",
      "requires": {
        "minimist": "0.0.10",
        "wordwrap": "0.0.3"
      },
      "dependencies": {
        "wordwrap": {
          "version": "0.0.3",
          "resolved": "http://sinopia.msk.avito.ru/wordwrap/-/wordwrap-0.0.3.tgz",
          "integrity": "sha1-o9XabNXAvAAI03I0u68b7WMFkQc="
        }
      }
    },
    "optionator": {
      "version": "0.8.2",
      "resolved": "http://sinopia.msk.avito.ru/optionator/-/optionator-0.8.2.tgz",
      "integrity": "sha1-NkxeQJ0/TWMB1sC0wFu6UBgK62Q=",
      "requires": {
        "deep-is": "0.1.3",
        "fast-levenshtein": "2.0.6",
        "levn": "0.3.0",
        "prelude-ls": "1.1.2",
        "type-check": "0.3.2",
        "wordwrap": "1.0.0"
      }
    },
    "options": {
      "version": "0.0.6",
      "resolved": "http://sinopia.msk.avito.ru/options/-/options-0.0.6.tgz",
      "integrity": "sha1-7CLTEoBrtT5zF3Pnza788cZDEo8="
    },
    "os-homedir": {
      "version": "1.0.2",
      "resolved": "http://sinopia.msk.avito.ru/os-homedir/-/os-homedir-1.0.2.tgz",
      "integrity": "sha1-/7xJiDNuDoM94MFox+8VISGqf7M="
    },
    "os-tmpdir": {
      "version": "1.0.2",
      "resolved": "http://sinopia.msk.avito.ru/os-tmpdir/-/os-tmpdir-1.0.2.tgz",
      "integrity": "sha1-u+Z0BseaqFxc/sdm/lc0VV36EnQ="
    },
    "osenv": {
      "version": "0.1.3",
      "resolved": "http://sinopia.msk.avito.ru/osenv/-/osenv-0.1.3.tgz",
      "integrity": "sha1-g88FxtZFj8TVrGNi6jJdkvJ1Qhc=",
      "requires": {
        "os-homedir": "1.0.2",
        "os-tmpdir": "1.0.2"
      }
    },
    "package-json": {
      "version": "2.4.0",
      "resolved": "http://sinopia.msk.avito.ru/package-json/-/package-json-2.4.0.tgz",
      "integrity": "sha1-DRW9Z9HLvduyyiIv8u24a8sxqLs=",
      "requires": {
        "got": "5.7.1",
        "registry-auth-token": "3.3.1",
        "registry-url": "3.1.0",
        "semver": "5.4.1"
      }
    },
    "parse-json": {
      "version": "2.2.0",
      "resolved": "http://sinopia.msk.avito.ru/parse-json/-/parse-json-2.2.0.tgz",
      "integrity": "sha1-9ID0BDTvgHQfhGkJn43qGPVaTck=",
      "requires": {
        "error-ex": "1.3.1"
      }
    },
    "parsejson": {
      "version": "0.0.1",
      "resolved": "http://sinopia.msk.avito.ru/parsejson/-/parsejson-0.0.1.tgz",
      "integrity": "sha1-mxDGwNglq1ieaFFTgm3go7oni8w=",
      "requires": {
        "better-assert": "1.0.2"
      }
    },
    "parseqs": {
      "version": "0.0.2",
      "resolved": "http://sinopia.msk.avito.ru/parseqs/-/parseqs-0.0.2.tgz",
      "integrity": "sha1-nf5wss3aw4i95PNbHyQPpYrb5sc=",
      "requires": {
        "better-assert": "1.0.2"
      }
    },
    "parseuri": {
      "version": "0.0.4",
      "resolved": "http://sinopia.msk.avito.ru/parseuri/-/parseuri-0.0.4.tgz",
      "integrity": "sha1-gGWCo5iH4eoY3V4v4OAZAiaOk1A=",
      "requires": {
        "better-assert": "1.0.2"
      }
    },
    "path-is-absolute": {
      "version": "1.0.1",
      "resolved": "http://sinopia.msk.avito.ru/path-is-absolute/-/path-is-absolute-1.0.1.tgz",
      "integrity": "sha1-F0uSaHNVNP+8es5r9TpanhtcX18="
    },
    "path-parse": {
      "version": "1.0.5",
      "resolved": "http://sinopia.msk.avito.ru/path-parse/-/path-parse-1.0.5.tgz",
      "integrity": "sha1-PBrfhx6pzWyUMbbqK9dKD/BVxME="
    },
    "pinkie": {
      "version": "2.0.4",
      "resolved": "http://sinopia.msk.avito.ru/pinkie/-/pinkie-2.0.4.tgz",
      "integrity": "sha1-clVrgM+g1IqXToDnckjoDtT3+HA="
    },
    "pinkie-promise": {
      "version": "2.0.1",
      "resolved": "http://sinopia.msk.avito.ru/pinkie-promise/-/pinkie-promise-2.0.1.tgz",
      "integrity": "sha1-ITXW36ejWMBprJsXh3YogihFD/o=",
      "requires": {
        "pinkie": "2.0.4"
      }
    },
    "pkginfo": {
      "version": "0.3.1",
      "resolved": "http://sinopia.msk.avito.ru/pkginfo/-/pkginfo-0.3.1.tgz",
      "integrity": "sha1-Wyn2qB9wcXFC4J52W76rl7T4HiE="
    },
    "prelude-ls": {
      "version": "1.1.2",
      "resolved": "http://sinopia.msk.avito.ru/prelude-ls/-/prelude-ls-1.1.2.tgz",
      "integrity": "sha1-IZMqVJ9eUv/ZqCf1cOBL5iqX2lQ="
    },
    "prepend-http": {
      "version": "1.0.4",
      "resolved": "http://sinopia.msk.avito.ru/prepend-http/-/prepend-http-1.0.4.tgz",
      "integrity": "sha1-1PRWKwzjaW5BrFLQ4ALlemNdxtw="
    },
    "process-nextick-args": {
      "version": "1.0.7",
      "resolved": "http://sinopia.msk.avito.ru/process-nextick-args/-/process-nextick-args-1.0.7.tgz",
      "integrity": "sha1-FQ4gt1ZZCtP5EJPyWk8q2L/zC6M="
    },
    "rc": {
      "version": "1.2.1",
      "resolved": "http://sinopia.msk.avito.ru/rc/-/rc-1.2.1.tgz",
      "integrity": "sha1-LgPo5C7kULjLPc5lvhv4l04d/ZU=",
      "requires": {
        "deep-extend": "0.4.2",
        "ini": "1.3.4",
        "minimist": "1.2.0",
        "strip-json-comments": "2.0.1"
      },
      "dependencies": {
        "minimist": {
          "version": "1.2.0",
          "resolved": "http://sinopia.msk.avito.ru/minimist/-/minimist-1.2.0.tgz",
          "integrity": "sha1-o1AIsg9BOD7sH7kU9M1d95omQoQ="
        }
      }
    },
    "read-all-stream": {
      "version": "3.1.0",
      "resolved": "http://sinopia.msk.avito.ru/read-all-stream/-/read-all-stream-3.1.0.tgz",
      "integrity": "sha1-NcPhd/IHjveJ7kv6+kNzB06u9Po=",
      "requires": {
        "pinkie-promise": "2.0.1",
        "readable-stream": "2.3.3"
      }
    },
    "readable-stream": {
      "version": "2.3.3",
      "resolved": "http://sinopia.msk.avito.ru/readable-stream/-/readable-stream-2.3.3.tgz",
      "integrity": "sha512-m+qzzcn7KUxEmd1gMbchF+Y2eIUbieUaxkWtptyHywrX0rE8QEYqPC07Vuy4Wm32/xE16NcdBctb8S0Xe/5IeQ==",
      "requires": {
        "core-util-is": "1.0.2",
        "inherits": "2.0.3",
        "isarray": "1.0.0",
        "process-nextick-args": "1.0.7",
        "safe-buffer": "5.1.1",
        "string_decoder": "1.0.3",
        "util-deprecate": "1.0.2"
      }
    },
    "registry-auth-token": {
      "version": "3.3.1",
      "resolved": "http://sinopia.msk.avito.ru/registry-auth-token/-/registry-auth-token-3.3.1.tgz",
      "integrity": "sha1-+w0yie4Nmtosu1KvXf5mywcNMAY=",
      "requires": {
        "rc": "1.2.1",
        "safe-buffer": "5.1.1"
      }
    },
    "registry-url": {
      "version": "3.1.0",
      "resolved": "http://sinopia.msk.avito.ru/registry-url/-/registry-url-3.1.0.tgz",
      "integrity": "sha1-PU74cPc93h138M+aOBQyRE4XSUI=",
      "requires": {
        "rc": "1.2.1"
      }
    },
    "repeating": {
      "version": "2.0.1",
      "resolved": "http://sinopia.msk.avito.ru/repeating/-/repeating-2.0.1.tgz",
      "integrity": "sha1-UhTFOpJtNVJwdSf7q0FdvAjQbdo=",
      "requires": {
        "is-finite": "1.0.2"
      }
    },
    "resolve": {
      "version": "1.4.0",
      "resolved": "http://sinopia.msk.avito.ru/resolve/-/resolve-1.4.0.tgz",
      "integrity": "sha512-aW7sVKPufyHqOmyyLzg/J+8606v5nevBgaliIlV7nUpVMsDnoBGV/cbSLNjZAg9q0Cfd/+easKVKQ8vOu8fn1Q==",
      "requires": {
        "path-parse": "1.0.5"
      }
    },
    "rimraf": {
      "version": "2.6.1",
      "resolved": "http://sinopia.msk.avito.ru/rimraf/-/rimraf-2.6.1.tgz",
      "integrity": "sha1-wjOOxkPfeht/5cVPqG9XQopV8z0=",
      "requires": {
        "glob": "7.1.2"
      }
    },
    "safe-buffer": {
      "version": "5.1.1",
      "resolved": "http://sinopia.msk.avito.ru/safe-buffer/-/safe-buffer-5.1.1.tgz",
      "integrity": "sha512-kKvNJn6Mm93gAczWVJg7wH+wGYWNrDHdWvpUmHyEsgCtIwwo3bqPtV4tR5tuPaUhTOo/kvhVwd8XwwOllGYkbg=="
    },
    "seedrandom": {
      "version": "2.4.3",
      "resolved": "http://sinopia.msk.avito.ru/seedrandom/-/seedrandom-2.4.3.tgz",
      "integrity": "sha1-JDhQTa0zkXMUv/GKxNeU8W1qrsw="
    },
    "semver": {
      "version": "5.4.1",
      "resolved": "http://sinopia.msk.avito.ru/semver/-/semver-5.4.1.tgz",
      "integrity": "sha512-WfG/X9+oATh81XtllIo/I8gOiY9EXRdv1cQdyykeXK17YcUW3EXUAi2To4pcH6nZtJPr7ZOpM5OMyWJZm+8Rsg=="
    },
    "semver-diff": {
      "version": "2.1.0",
      "resolved": "http://sinopia.msk.avito.ru/semver-diff/-/semver-diff-2.1.0.tgz",
      "integrity": "sha1-S7uEN8jTfksM8aaP1ybsbWRdbTY=",
      "requires": {
        "semver": "5.4.1"
      }
    },
    "slide": {
      "version": "1.1.6",
      "resolved": "http://sinopia.msk.avito.ru/slide/-/slide-1.1.6.tgz",
      "integrity": "sha1-VusCfWW00tzmyy4tMsTUr8nh1wc="
    },
    "socket.io": {
      "version": "1.5.1",
      "resolved": "http://sinopia.msk.avito.ru/socket.io/-/socket.io-1.5.1.tgz",
      "integrity": "sha1-w+qMTtQWRDa8Vq3vYOMa02ZRjKk=",
      "requires": {
        "debug": "2.2.0",
        "engine.io": "1.7.2",
        "has-binary": "0.1.7",
        "socket.io-adapter": "0.4.0",
        "socket.io-client": "1.5.1",
        "socket.io-parser": "2.3.1"
      }
    },
    "socket.io-adapter": {
      "version": "0.4.0",
      "resolved": "http://sinopia.msk.avito.ru/socket.io-adapter/-/socket.io-adapter-0.4.0.tgz",
      "integrity": "sha1-+5+CqxqmUpC/csNleVW5MKmRok8=",
      "requires": {
        "debug": "2.2.0",
        "socket.io-parser": "2.2.2"
      },
      "dependencies": {
        "isarray": {
          "version": "0.0.1",
          "resolved": "http://sinopia.msk.avito.ru/isarray/-/isarray-0.0.1.tgz",
          "integrity": "sha1-ihis/Kmo9Bd+Cav8YDiTmwXR7t8="
        },
        "socket.io-parser": {
          "version": "2.2.2",
          "resolved": "http://sinopia.msk.avito.ru/socket.io-parser/-/socket.io-parser-2.2.2.tgz",
          "integrity": "sha1-PXr2tkSX6Va32f53X5mXFgJ/lBc=",
          "requires": {
            "benchmark": "1.0.0",
            "component-emitter": "1.1.2",
            "debug": "0.7.4",
            "isarray": "0.0.1",
            "json3": "3.2.6"
          },
          "dependencies": {
            "debug": {
              "version": "0.7.4",
              "resolved": "http://sinopia.msk.avito.ru/debug/-/debug-0.7.4.tgz",
              "integrity": "sha1-BuHqgILCyxTjmAbiLi9vdX+Srzk="
            }
          }
        }
      }
    },
    "socket.io-client": {
      "version": "1.5.1",
      "resolved": "http://sinopia.msk.avito.ru/socket.io-client/-/socket.io-client-1.5.1.tgz",
      "integrity": "sha1-DzZurn3jS8iA69cRBuHOgUN3WCc=",
      "requires": {
        "backo2": "1.0.2",
        "component-bind": "1.0.0",
        "component-emitter": "1.2.0",
        "debug": "2.2.0",
        "engine.io-client": "1.7.2",
        "has-binary": "0.1.7",
        "indexof": "0.0.1",
        "object-component": "0.0.3",
        "parseuri": "0.0.4",
        "socket.io-parser": "2.3.1",
        "to-array": "0.1.4"
      },
      "dependencies": {
        "component-emitter": {
          "version": "1.2.0",
          "resolved": "http://sinopia.msk.avito.ru/component-emitter/-/component-emitter-1.2.0.tgz",
          "integrity": "sha1-zNETqGOI0GSC0D3j/H35hSa6jv4="
        }
      }
    },
    "socket.io-parser": {
      "version": "2.3.1",
      "resolved": "http://sinopia.msk.avito.ru/socket.io-parser/-/socket.io-parser-2.3.1.tgz",
      "integrity": "sha1-3VMgJRA85Clpcya+/WQAX8/ltKA=",
      "requires": {
        "component-emitter": "1.1.2",
        "debug": "2.2.0",
        "isarray": "0.0.1",
        "json3": "3.3.2"
      },
      "dependencies": {
        "isarray": {
          "version": "0.0.1",
          "resolved": "http://sinopia.msk.avito.ru/isarray/-/isarray-0.0.1.tgz",
          "integrity": "sha1-ihis/Kmo9Bd+Cav8YDiTmwXR7t8="
        },
        "json3": {
          "version": "3.3.2",
          "resolved": "http://sinopia.msk.avito.ru/json3/-/json3-3.3.2.tgz",
          "integrity": "sha1-PAQ0dD35Pi9cQq7nsZvLSDV19OE="
        }
      }
    },
    "source-map": {
      "version": "0.5.6",
      "resolved": "http://sinopia.msk.avito.ru/source-map/-/source-map-0.5.6.tgz",
      "integrity": "sha1-dc449SvwczxafwwRjYEzSiu19BI="
    },
    "string-width": {
      "version": "1.0.2",
      "resolved": "http://sinopia.msk.avito.ru/string-width/-/string-width-1.0.2.tgz",
      "integrity": "sha1-EYvfW4zcUaKn5w0hHgfisLmxB9M=",
      "requires": {
        "code-point-at": "1.1.0",
        "is-fullwidth-code-point": "1.0.0",
        "strip-ansi": "3.0.1"
      }
    },
    "string_decoder": {
      "version": "1.0.3",
      "resolved": "http://sinopia.msk.avito.ru/string_decoder/-/string_decoder-1.0.3.tgz",
      "integrity": "sha512-4AH6Z5fzNNBcH+6XDMfA/BTt87skxqJlO0lAh3Dker5zThcAxG6mKz+iGu308UKoPPQ8Dcqx/4JhujzltRa+hQ==",
      "requires": {
        "safe-buffer": "5.1.1"
      }
    },
    "strip-ansi": {
      "version": "3.0.1",
      "resolved": "http://sinopia.msk.avito.ru/strip-ansi/-/strip-ansi-3.0.1.tgz",
      "integrity": "sha1-ajhfuIU9lS1f8F0Oiq+UJ43GPc8=",
      "requires": {
        "ansi-regex": "2.1.1"
      }
    },
    "strip-json-comments": {
      "version": "2.0.1",
      "resolved": "http://sinopia.msk.avito.ru/strip-json-comments/-/strip-json-comments-2.0.1.tgz",
      "integrity": "sha1-PFMZQukIwml8DsNEhYwobHygpgo="
    },
    "supports-color": {
      "version": "2.0.0",
      "resolved": "http://sinopia.msk.avito.ru/supports-color/-/supports-color-2.0.0.tgz",
      "integrity": "sha1-U10EXOa2Nj+kARcIRimZXp3zJMc="
    },
    "timed-out": {
      "version": "3.1.3",
      "resolved": "http://sinopia.msk.avito.ru/timed-out/-/timed-out-3.1.3.tgz",
      "integrity": "sha1-lYYL/MXHbCd/j4Mm/Q9bLiDrohc="
    },
    "to-array": {
      "version": "0.1.4",
      "resolved": "http://sinopia.msk.avito.ru/to-array/-/to-array-0.1.4.tgz",
      "integrity": "sha1-F+bBH3PdTz10zaek/zI46a2b+JA="
    },
    "type-check": {
      "version": "0.3.2",
      "resolved": "http://sinopia.msk.avito.ru/type-check/-/type-check-0.3.2.tgz",
      "integrity": "sha1-WITKtRLPHTVeP7eE8wgEsrUg23I=",
      "requires": {
        "prelude-ls": "1.1.2"
      }
    },
    "uglify-js": {
      "version": "1.3.5",
      "resolved": "http://sinopia.msk.avito.ru/uglify-js/-/uglify-js-1.3.5.tgz",
      "integrity": "sha1-S1v/+Rhu/7qoiOTJ6UvZ/EyUkp0="
    },
    "ultron": {
      "version": "1.0.2",
      "resolved": "http://sinopia.msk.avito.ru/ultron/-/ultron-1.0.2.tgz",
      "integrity": "sha1-rOEWq1V80Zc4ak6I9GhTeMiy5Po="
    },
    "unzip-response": {
      "version": "1.0.2",
      "resolved": "http://sinopia.msk.avito.ru/unzip-response/-/unzip-response-1.0.2.tgz",
      "integrity": "sha1-uYTwh3/AqJwsdzzB73tbIytbBv4="
    },
    "update-notifier": {
      "version": "0.6.3",
      "resolved": "http://sinopia.msk.avito.ru/update-notifier/-/update-notifier-0.6.3.tgz",
      "integrity": "sha1-d23sjaoT6WKjQeih2YNUMGtnrgg=",
      "requires": {
        "boxen": "0.3.1",
        "chalk": "1.1.3",
        "configstore": "2.1.0",
        "is-npm": "1.0.0",
        "latest-version": "2.0.0",
        "semver-diff": "2.1.0"
      }
    },
    "url-parse-lax": {
      "version": "1.0.0",
      "resolved": "http://sinopia.msk.avito.ru/url-parse-lax/-/url-parse-lax-1.0.0.tgz",
      "integrity": "sha1-evjzA2Rem9eaJy56FKxovAYJ2nM=",
      "requires": {
        "prepend-http": "1.0.4"
      }
    },
    "util-deprecate": {
      "version": "1.0.2",
      "resolved": "http://sinopia.msk.avito.ru/util-deprecate/-/util-deprecate-1.0.2.tgz",
      "integrity": "sha1-RQ1Nyfpw3nMnYvvS1KKJgUGaDM8="
    },
    "utile": {
      "version": "0.2.1",
      "resolved": "http://sinopia.msk.avito.ru/utile/-/utile-0.2.1.tgz",
      "integrity": "sha1-kwyI6ZCY1iIINMNWy9mncFItkNc=",
      "requires": {
        "async": "0.2.10",
        "deep-equal": "1.0.1",
        "i": "0.3.5",
        "mkdirp": "0.5.1",
        "ncp": "0.4.2",
        "rimraf": "2.6.1"
      }
    },
    "uuid": {
      "version": "2.0.3",
      "resolved": "http://sinopia.msk.avito.ru/uuid/-/uuid-2.0.3.tgz",
      "integrity": "sha1-Z+LoY3lyFVMN/zGOW/nc6/1Hsho="
    },
    "widest-line": {
      "version": "1.0.0",
      "resolved": "http://sinopia.msk.avito.ru/widest-line/-/widest-line-1.0.0.tgz",
      "integrity": "sha1-DAnIXCqUaD0Nfq+O4JfVZL8OEFw=",
      "requires": {
        "string-width": "1.0.2"
      }
    },
    "win-spawn": {
      "version": "2.0.0",
      "resolved": "http://sinopia.msk.avito.ru/win-spawn/-/win-spawn-2.0.0.tgz",
      "integrity": "sha1-OXopEw7JjQqgvIa6pGITk+/9Cwc="
    },
    "wordwrap": {
      "version": "1.0.0",
      "resolved": "http://sinopia.msk.avito.ru/wordwrap/-/wordwrap-1.0.0.tgz",
      "integrity": "sha1-J1hIEIkUVqQXHI0CJkQa3pDLyus="
    },
    "wrappy": {
      "version": "1.0.2",
      "resolved": "http://sinopia.msk.avito.ru/wrappy/-/wrappy-1.0.2.tgz",
      "integrity": "sha1-tSQ9jz7BqjXxNkYFvA0QNuMKtp8="
    },
    "write-file-atomic": {
      "version": "1.3.4",
      "resolved": "http://sinopia.msk.avito.ru/write-file-atomic/-/write-file-atomic-1.3.4.tgz",
      "integrity": "sha1-+Aek8LHZ6ROuekgRLmzDrxmRtF8=",
      "requires": {
        "graceful-fs": "4.1.11",
        "imurmurhash": "0.1.4",
        "slide": "1.1.6"
      }
    },
    "ws": {
      "version": "1.1.1",
      "resolved": "http://sinopia.msk.avito.ru/ws/-/ws-1.1.1.tgz",
      "integrity": "sha1-CC3bbGQehdS7RR8D1S8G6r2x8Bg=",
      "requires": {
        "options": "0.0.6",
        "ultron": "1.0.2"
      }
    },
    "wtf-8": {
      "version": "1.0.0",
      "resolved": "http://sinopia.msk.avito.ru/wtf-8/-/wtf-8-1.0.0.tgz",
      "integrity": "sha1-OS2LotDxw00e4tYw8V0O+2jhBIo="
    },
    "xdg-basedir": {
      "version": "2.0.0",
      "resolved": "http://sinopia.msk.avito.ru/xdg-basedir/-/xdg-basedir-2.0.0.tgz",
      "integrity": "sha1-7byQPMOF/ARSPZZqM1UEtVBNG9I=",
      "requires": {
        "os-homedir": "1.0.2"
      }
    },
    "xmlhttprequest-ssl": {
      "version": "1.5.1",
      "resolved": "http://sinopia.msk.avito.ru/xmlhttprequest-ssl/-/xmlhttprequest-ssl-1.5.1.tgz",
      "integrity": "sha1-O3dB/qSoZnWXbpCNKW1ERZYfqmc="
    },
    "yeast": {
      "version": "0.1.2",
      "resolved": "http://sinopia.msk.avito.ru/yeast/-/yeast-0.1.2.tgz",
      "integrity": "sha1-AI4G2AlDIMNy28L47XagymyKxBk="
    }
  }
}
